<?xml version="1.0" encoding="utf-8"?>
<Project ToolsVersion="4.0" xmlns="http://schemas.microsoft.com/developer/msbuild/2003">
  <ItemGroup>
    <Filter Include="Fichiers sources">
      <UniqueIdentifier>{4FC737F1-C7A5-4376-A066-2A32D752A2FF}</UniqueIdentifier>
      <Extensions>cpp;c;cc;cxx;c++;cppm;ixx;def;odl;idl;hpj;bat;asm;asmx</Extensions>
    </Filter>
    <Filter Include="Fichiers d%27en-tête">
      <UniqueIdentifier>{93995380-89BD-4b04-88EB-625FBE52EBFB}</UniqueIdentifier>
      <Extensions>h;hh;hpp;hxx;h++;hm;inl;inc;ipp;xsd</Extensions>
    </Filter>
    <Filter Include="Fichiers de ressources">
      <UniqueIdentifier>{67DA6AB6-F800-4c08-8B7A-83BB121AAD01}</UniqueIdentifier>
      <Extensions>rc;ico;cur;bmp;dlg;rc2;rct;bin;rgs;gif;jpg;jpeg;jpe;resx;tiff;tif;png;wav;mfcribbon-ms</Extensions>
    </Filter>
    <Filter Include="Fichiers d%27en-tête\Character">
      <UniqueIdentifier>{2dcd1a0d-c7fd-44a8-9f52-20246ed7bb2f}</UniqueIdentifier>
    </Filter>
    <Filter Include="Fichiers sources\Character">
      <UniqueIdentifier>{6a781c8d-a1d0-4bde-acca-725f32a079d0}</UniqueIdentifier>
    </Filter>
    <Filter Include="Fichiers d%27en-tête\Enemies">
      <UniqueIdentifier>{145ca398-039d-4258-9090-020349995091}</UniqueIdentifier>
    </Filter>
    <Filter Include="Fichiers sources\Enemies">
      <UniqueIdentifier>{beaced89-28d5-44ce-836b-1c062f3bcf15}</UniqueIdentifier>
    </Filter>
    <Filter Include="Fichiers sources\Manager">
      <UniqueIdentifier>{774f40c4-2a12-4448-9bac-f94b1fda8b7c}</UniqueIdentifier>
    </Filter>
    <Filter Include="Fichiers d%27en-tête\Manager">
      <UniqueIdentifier>{680f2133-7c7a-43f7-978b-a9c4f2e0ea46}</UniqueIdentifier>
    </Filter>
    <Filter Include="Fichiers sources\NPC">
      <UniqueIdentifier>{967e48ca-75dd-445c-9349-97fbe5dd21b9}</UniqueIdentifier>
    </Filter>
    <Filter Include="Fichiers d%27en-tête\NPC">
      <UniqueIdentifier>{de6e7969-d876-4856-8245-9eccef5ad105}</UniqueIdentifier>
    </Filter>
    <Filter Include="Fichiers sources\Item">
      <UniqueIdentifier>{588eef97-be63-4a80-93b9-ceea86b9cbbb}</UniqueIdentifier>
    </Filter>
    <Filter Include="Fichiers d%27en-tête\Item">
      <UniqueIdentifier>{d1a19ad7-8404-4447-8e81-ead3d046ad4c}</UniqueIdentifier>
    </Filter>
  </ItemGroup>
  <ItemGroup>
    <ClInclude Include="Entity.h">
      <Filter>Fichiers d%27en-tête</Filter>
    </ClInclude>
    <ClInclude Include="Character.h">
      <Filter>Fichiers d%27en-tête</Filter>
    </ClInclude>
    <ClInclude Include="Warrior.h">
      <Filter>Fichiers d%27en-tête\Character</Filter>
    </ClInclude>
    <ClInclude Include="Mage.h">
      <Filter>Fichiers d%27en-tête\Character</Filter>
    </ClInclude>
    <ClInclude Include="Ranger.h">
      <Filter>Fichiers d%27en-tête\Character</Filter>
    </ClInclude>
    <ClInclude Include="Skeleton.h">
      <Filter>Fichiers d%27en-tête\Enemies</Filter>
    </ClInclude>
    <ClInclude Include="Orc.h">
      <Filter>Fichiers d%27en-tête\Enemies</Filter>
    </ClInclude>
    <ClInclude Include="Antidote.h">
      <Filter>Fichiers d%27en-tête\Item</Filter>
    </ClInclude>
    <ClInclude Include="AsciiArt.h">
      <Filter>Fichiers d%27en-tête</Filter>
    </ClInclude>
    <ClInclude Include="Goblin.h">
      <Filter>Fichiers d%27en-tête\Enemies</Filter>
    </ClInclude>
    <ClInclude Include="SmokeBomb.h">
      <Filter>Fichiers d%27en-tête\Item</Filter>
    </ClInclude>
    <ClInclude Include="Troll.h">
      <Filter>Fichiers d%27en-tête\Enemies</Filter>
    </ClInclude>
    <ClInclude Include="TurnManager.h">
      <Filter>Fichiers d%27en-tête\Manager</Filter>
    </ClInclude>
    <ClInclude Include="InputManager.h">
      <Filter>Fichiers d%27en-tête\Manager</Filter>
    </ClInclude>
    <ClInclude Include="GameManager.h">
      <Filter>Fichiers d%27en-tête\Manager</Filter>
    </ClInclude>
    <ClInclude Include="PlayerParty.h">
      <Filter>Fichiers d%27en-tête</Filter>
    </ClInclude>
    <ClInclude Include="Encounter.h">
      <Filter>Fichiers d%27en-tête</Filter>
    </ClInclude>
    <ClInclude Include="Beggar.h">
      <Filter>Fichiers d%27en-tête\NPC</Filter>
    </ClInclude>
    <ClInclude Include="Merchant.h">
      <Filter>Fichiers d%27en-tête\NPC</Filter>
    </ClInclude>
    <ClInclude Include="Item.h">
      <Filter>Fichiers d%27en-tête\Item</Filter>
    </ClInclude>
    <ClInclude Include="Potion.h">
      <Filter>Fichiers d%27en-tête\Item</Filter>
    </ClInclude>
    <ClInclude Include="ItemStack.h">
      <Filter>Fichiers d%27en-tête\Item</Filter>
    </ClInclude>
    <ClInclude Include="Inventory.h">
      <Filter>Fichiers d%27en-tête\Item</Filter>
    </ClInclude>
    <ClInclude Include="QuestLog.h">
      <Filter>Fichiers d%27en-tête</Filter>
    </ClInclude>
    <ClInclude Include="StatusEffect.h">
      <Filter>Fichiers d%27en-tête</Filter>
    </ClInclude>
    <ClInclude Include="WorldMap.h">
      <Filter>Fichiers d%27en-tête</Filter>
    </ClInclude>
    <ClInclude Include="Dragon.h">
      <Filter>Fichiers d%27en-tête\Enemies</Filter>
    </ClInclude>
    <ClInclude Include="ReviveScroll.h">
      <Filter>Fichiers d%27en-tête\Item</Filter>
    </ClInclude>
  </ItemGroup>
  <ItemGroup>
    <ClCompile Include="Entity.cpp">
      <Filter>Fichiers sources</Filter>
    </ClCompile>
    <ClCompile Include="Character.cpp">
      <Filter>Fichiers sources</Filter>
    </ClCompile>
    <ClCompile Include="main.cpp">
      <Filter>Fichiers sources</Filter>
    </ClCompile>
    <ClCompile Include="Warrior.cpp">
      <Filter>Fichiers sources\Character</Filter>
    </ClCompile>
    <ClCompile Include="Mage.cpp">
      <Filter>Fichiers sources\Character</Filter>
    </ClCompile>
    <ClCompile Include="Ranger.cpp">
      <Filter>Fichiers sources\Character</Filter>
    </ClCompile>
    <ClCompile Include="Skeleton.cpp">
      <Filter>Fichiers sources\Enemies</Filter>
    </ClCompile>
    <ClCompile Include="Orc.cpp">
      <Filter>Fichiers sources\Enemies</Filter>
    </ClCompile>
    <ClCompile Include="Goblin.cpp">
      <Filter>Fichiers sources\Enemies</Filter>
    </ClCompile>
    <ClCompile Include="Troll.cpp">
      <Filter>Fichiers sources\Enemies</Filter>
    </ClCompile>
    <ClCompile Include="GameManager.cpp">
      <Filter>Fichiers sources\Manager</Filter>
    </ClCompile>
    <ClCompile Include="TurnManager.cpp">
      <Filter>Fichiers sources\Manager</Filter>
    </ClCompile>
    <ClCompile Include="InputManager.cpp">
      <Filter>Fichiers sources\Manager</Filter>
    </ClCompile>
    <ClCompile Include="PlayerParty.cpp">
      <Filter>Fichiers sources</Filter>
    </ClCompile>
    <ClCompile Include="Encounter.cpp">
      <Filter>Fichiers sources</Filter>
    </ClCompile>
    <ClCompile Include="Beggar.cpp">
      <Filter>Fichiers sources\NPC</Filter>
    </ClCompile>
    <ClCompile Include="Merchant.cpp">
      <Filter>Fichiers sources\NPC</Filter>
    </ClCompile>
    <ClCompile Include="Item.cpp">
      <Filter>Fichiers sources\Item</Filter>
    </ClCompile>
    <ClCompile Include="Potion.cpp">
      <Filter>Fichiers sources\Item</Filter>
    </ClCompile>
    <ClCompile Include="ItemStack.cpp">
      <Filter>Fichiers sources\Item</Filter>
    </ClCompile>
    <ClCompile Include="Inventory.cpp">
      <Filter>Fichiers sources\Item</Filter>
    </ClCompile>
    <ClCompile Include="QuestLog.cpp">
      <Filter>Fichiers sources</Filter>
    </ClCompile>
    <ClCompile Include="WorldMap.cpp">
      <Filter>Fichiers sources</Filter>
    </ClCompile>
    <ClCompile Include="Antidote.cpp">
      <Filter>Fichiers sources\Item</Filter>
    </ClCompile>
    <ClCompile Include="Dragon.cpp">
      <Filter>Fichiers sources\Enemies</Filter>
    </ClCompile>
    <ClCompile Include="SmokeBomb.cpp">
      <Filter>Fichiers sources\Item</Filter>
    </ClCompile>
    <ClCompile Include="ReviveScroll.cpp">
      <Filter>Fichiers sources\Item</Filter>
    </ClCompile>
  </ItemGroup>
</Project>